
Microsoft Visual Studio Solution File, Format Version 12.00
# Visual Studio Version 17
VisualStudioVersion = 17.2.32516.85
MinimumVisualStudioVersion = 10.0.40219.1
Project("{FAE04EC0-301F-11D3-BF4B-00C04F79EFBC}") = "MatchGame", "MatchGame\MatchGame.csproj", "{B6B77F30-7513-4406-9A8C-DE16B2C60C26}"
EndProject
Global
	GlobalSection(SolutionConfigurationPlatforms) = preSolution
		Debug|Any CPU = Debug|Any CPU
		Release|Any CPU = Release|Any CPU
	EndGlobalSection
	GlobalSection(ProjectConfigurationPlatforms) = postSolution
		{B6B77F30-7513-4406-9A8C-DE16B2C60C26}.Debug|Any CPU.ActiveCfg = Debug|Any CPU
		{B6B77F30-7513-4406-9A8C-DE16B2C60C26}.Debug|Any CPU.Build.0 = Debug|Any CPU
		{B6B77F30-7513-4406-9A8C-DE16B2C60C26}.Release|Any CPU.ActiveCfg = Release|Any CPU
		{B6B77F30-7513-4406-9A8C-DE16B2C60C26}.Release|Any CPU.Build.0 = Release|Any CPU
	EndGlobalSection
	GlobalSection(SolutionProperties) = preSolution
		HideSolutionNode = FALSE
	EndGlobalSection
	GlobalSection(ExtensibilityGlobals) = postSolution
		SolutionGuid = {BA4CEE62-BF95-42E7-901C-5A0B9F798791}
	EndGlobalSection
EndGlobal
